
Microsoft Visual Studio Solution File, Format Version 12.00
# Visual Studio Version 17
VisualStudioVersion = 17.0.31903.59
MinimumVisualStudioVersion = 10.0.40219.1
Project("{FAE04EC0-301F-11D3-BF4B-00C04F79EFBC}") = "API", "API\API.csproj", "{7E49F777-03DB-4D8E-91D2-697C0F8B945D}"
EndProject
Project("{FAE04EC0-301F-11D3-BF4B-00C04F79EFBC}") = "Application", "Application\Application.csproj", "{6C446821-D246-47DE-8C1A-64EE7B1B7929}"
EndProject
Project("{FAE04EC0-301F-11D3-BF4B-00C04F79EFBC}") = "Domain", "Domain\Domain.csproj", "{89D18691-5021-4E29-979D-2154C5D17F59}"
EndProject
Project("{FAE04EC0-301F-11D3-BF4B-00C04F79EFBC}") = "Persistence", "Persistence\Persistence.csproj", "{97D22C4F-6D3D-4873-9666-DC3EBA6BED08}"
EndProject
Global
	GlobalSection(SolutionConfigurationPlatforms) = preSolution
		Debug|Any CPU = Debug|Any CPU
		Release|Any CPU = Release|Any CPU
	EndGlobalSection
	GlobalSection(SolutionProperties) = preSolution
		HideSolutionNode = FALSE
	EndGlobalSection
	GlobalSection(ProjectConfigurationPlatforms) = postSolution
		{7E49F777-03DB-4D8E-91D2-697C0F8B945D}.Debug|Any CPU.ActiveCfg = Debug|Any CPU
		{7E49F777-03DB-4D8E-91D2-697C0F8B945D}.Debug|Any CPU.Build.0 = Debug|Any CPU
		{7E49F777-03DB-4D8E-91D2-697C0F8B945D}.Release|Any CPU.ActiveCfg = Release|Any CPU
		{7E49F777-03DB-4D8E-91D2-697C0F8B945D}.Release|Any CPU.Build.0 = Release|Any CPU
		{6C446821-D246-47DE-8C1A-64EE7B1B7929}.Debug|Any CPU.ActiveCfg = Debug|Any CPU
		{6C446821-D246-47DE-8C1A-64EE7B1B7929}.Debug|Any CPU.Build.0 = Debug|Any CPU
		{6C446821-D246-47DE-8C1A-64EE7B1B7929}.Release|Any CPU.ActiveCfg = Release|Any CPU
		{6C446821-D246-47DE-8C1A-64EE7B1B7929}.Release|Any CPU.Build.0 = Release|Any CPU
		{89D18691-5021-4E29-979D-2154C5D17F59}.Debug|Any CPU.ActiveCfg = Debug|Any CPU
		{89D18691-5021-4E29-979D-2154C5D17F59}.Debug|Any CPU.Build.0 = Debug|Any CPU
		{89D18691-5021-4E29-979D-2154C5D17F59}.Release|Any CPU.ActiveCfg = Release|Any CPU
		{89D18691-5021-4E29-979D-2154C5D17F59}.Release|Any CPU.Build.0 = Release|Any CPU
		{97D22C4F-6D3D-4873-9666-DC3EBA6BED08}.Debug|Any CPU.ActiveCfg = Debug|Any CPU
		{97D22C4F-6D3D-4873-9666-DC3EBA6BED08}.Debug|Any CPU.Build.0 = Debug|Any CPU
		{97D22C4F-6D3D-4873-9666-DC3EBA6BED08}.Release|Any CPU.ActiveCfg = Release|Any CPU
		{97D22C4F-6D3D-4873-9666-DC3EBA6BED08}.Release|Any CPU.Build.0 = Release|Any CPU
	EndGlobalSection
EndGlobal
